
Microsoft Visual Studio Solution File, Format Version 12.00
# Visual Studio Version 16
VisualStudioVersion = 16.0.31729.503
MinimumVisualStudioVersion = 10.0.40219.1
Project("{9A19103F-16F7-4668-BE54-9A1E7A4F7556}") = "SqlConnectDemo", "SqlConnectDemo.csproj", "{228AF566-EB40-406D-AC7B-AEEE09F9AAAE}"
EndProject
Global
	GlobalSection(SolutionConfigurationPlatforms) = preSolution
		Debug|Any CPU = Debug|Any CPU
		Release|Any CPU = Release|Any CPU
	EndGlobalSection
	GlobalSection(ProjectConfigurationPlatforms) = postSolution
		{228AF566-EB40-406D-AC7B-AEEE09F9AAAE}.Debug|Any CPU.ActiveCfg = Debug|Any CPU
		{228AF566-EB40-406D-AC7B-AEEE09F9AAAE}.Debug|Any CPU.Build.0 = Debug|Any CPU
		{228AF566-EB40-406D-AC7B-AEEE09F9AAAE}.Release|Any CPU.ActiveCfg = Release|Any CPU
		{228AF566-EB40-406D-AC7B-AEEE09F9AAAE}.Release|Any CPU.Build.0 = Release|Any CPU
	EndGlobalSection
	GlobalSection(SolutionProperties) = preSolution
		HideSolutionNode = FALSE
	EndGlobalSection
	GlobalSection(ExtensibilityGlobals) = postSolution
		SolutionGuid = {FE93137E-2C20-4B1E-949C-52CB4E1E628A}
	EndGlobalSection
EndGlobal
